
Microsoft Visual Studio Solution File, Format Version 12.00
# Visual Studio 15
VisualStudioVersion = 15.0.27428.2015
MinimumVisualStudioVersion = 10.0.40219.1
Project("{FAE04EC0-301F-11D3-BF4B-00C04F79EFBC}") = "P01.ChooseADrink", "P01.ChooseADrink\P01.ChooseADrink.csproj", "{071496E7-FCC7-4FA4-A8D1-D046B9FE6B78}"
EndProject
Project("{FAE04EC0-301F-11D3-BF4B-00C04F79EFBC}") = "P03.RestaurantDiscount", "P03.RestaurantDiscount\P03.RestaurantDiscount.csproj", "{F861E5F6-3DA9-4BEC-803C-CAEED8BCDC2A}"
EndProject
Project("{FAE04EC0-301F-11D3-BF4B-00C04F79EFBC}") = "P04.Hotel", "P04.Hotel\P04.Hotel.csproj", "{8F9400B0-FB19-4FC8-8865-38C559397631}"
EndProject
Project("{FAE04EC0-301F-11D3-BF4B-00C04F79EFBC}") = "P05.WordInPlural", "P05.WordInPlural\P05.WordInPlural.csproj", "{F33EB8E5-9641-44F2-BBE6-46A14D90DDD4}"
EndProject
Project("{FAE04EC0-301F-11D3-BF4B-00C04F79EFBC}") = "P06.IntervalOfNumbers", "P06.IntervalOfNumbers\P06.IntervalOfNumbers.csproj", "{86E09EC4-4CBA-480F-8516-D7A8FB156843}"
EndProject
Project("{FAE04EC0-301F-11D3-BF4B-00C04F79EFBC}") = "P07.CakeIngredients", "P07.CakeIngredients\P07.CakeIngredients.csproj", "{D2B2C843-B774-4655-B0E9-8F189728E873}"
EndProject
Project("{FAE04EC0-301F-11D3-BF4B-00C04F79EFBC}") = "P08.CaloriesCounter", "P08.CaloriesCounter\P08.CaloriesCounter.csproj", "{C2B2CDB8-E21B-4C6A-8F91-2F9B45243D24}"
EndProject
Project("{FAE04EC0-301F-11D3-BF4B-00C04F79EFBC}") = "P09.CountTheIntegers", "P09.CountTheIntegers\P09.CountTheIntegers.csproj", "{02FAE6A4-2838-439C-A581-C626E6AD212B}"
EndProject
Project("{FAE04EC0-301F-11D3-BF4B-00C04F79EFBC}") = "P10.TriangleOfNumbers", "P10.TriangleOfNumbers\P10.TriangleOfNumbers.csproj", "{FB533994-6DC7-4345-A553-82BC537DC939}"
EndProject
Project("{FAE04EC0-301F-11D3-BF4B-00C04F79EFBC}") = "P11.DifferentNumbers", "P11.DifferentNumbers\P11.DifferentNumbers.csproj", "{25AF1160-C620-49EC-BCB2-46129C167B3E}"
EndProject
Project("{FAE04EC0-301F-11D3-BF4B-00C04F79EFBC}") = "P12.TestNumbers", "P12.TestNumbers\P12.TestNumbers.csproj", "{04224AD8-6B47-4958-898C-B12976C8AB58}"
EndProject
Project("{FAE04EC0-301F-11D3-BF4B-00C04F79EFBC}") = "P13.GameOfNumbers", "P13.GameOfNumbers\P13.GameOfNumbers.csproj", "{2DF39218-293E-465B-9823-5AD24F7F82E2}"
EndProject
Project("{FAE04EC0-301F-11D3-BF4B-00C04F79EFBC}") = "P14.MagicLetter", "P14.MagicLetter\P14.MagicLetter.csproj", "{85D78F04-8625-4900-8CBD-88F4BA4473EA}"
EndProject
Project("{FAE04EC0-301F-11D3-BF4B-00C04F79EFBC}") = "P15.NeighbourWars", "P15.NeighbourWars\P15.NeighbourWars.csproj", "{1E69E824-1F9E-4593-A9B2-6FB9B807587A}"
EndProject
Global
	GlobalSection(SolutionConfigurationPlatforms) = preSolution
		Debug|Any CPU = Debug|Any CPU
		Release|Any CPU = Release|Any CPU
	EndGlobalSection
	GlobalSection(ProjectConfigurationPlatforms) = postSolution
		{071496E7-FCC7-4FA4-A8D1-D046B9FE6B78}.Debug|Any CPU.ActiveCfg = Debug|Any CPU
		{071496E7-FCC7-4FA4-A8D1-D046B9FE6B78}.Debug|Any CPU.Build.0 = Debug|Any CPU
		{071496E7-FCC7-4FA4-A8D1-D046B9FE6B78}.Release|Any CPU.ActiveCfg = Release|Any CPU
		{071496E7-FCC7-4FA4-A8D1-D046B9FE6B78}.Release|Any CPU.Build.0 = Release|Any CPU
		{F861E5F6-3DA9-4BEC-803C-CAEED8BCDC2A}.Debug|Any CPU.ActiveCfg = Debug|Any CPU
		{F861E5F6-3DA9-4BEC-803C-CAEED8BCDC2A}.Debug|Any CPU.Build.0 = Debug|Any CPU
		{F861E5F6-3DA9-4BEC-803C-CAEED8BCDC2A}.Release|Any CPU.ActiveCfg = Release|Any CPU
		{F861E5F6-3DA9-4BEC-803C-CAEED8BCDC2A}.Release|Any CPU.Build.0 = Release|Any CPU
		{8F9400B0-FB19-4FC8-8865-38C559397631}.Debug|Any CPU.ActiveCfg = Debug|Any CPU
		{8F9400B0-FB19-4FC8-8865-38C559397631}.Debug|Any CPU.Build.0 = Debug|Any CPU
		{8F9400B0-FB19-4FC8-8865-38C559397631}.Release|Any CPU.ActiveCfg = Release|Any CPU
		{8F9400B0-FB19-4FC8-8865-38C559397631}.Release|Any CPU.Build.0 = Release|Any CPU
		{F33EB8E5-9641-44F2-BBE6-46A14D90DDD4}.Debug|Any CPU.ActiveCfg = Debug|Any CPU
		{F33EB8E5-9641-44F2-BBE6-46A14D90DDD4}.Debug|Any CPU.Build.0 = Debug|Any CPU
		{F33EB8E5-9641-44F2-BBE6-46A14D90DDD4}.Release|Any CPU.ActiveCfg = Release|Any CPU
		{F33EB8E5-9641-44F2-BBE6-46A14D90DDD4}.Release|Any CPU.Build.0 = Release|Any CPU
		{86E09EC4-4CBA-480F-8516-D7A8FB156843}.Debug|Any CPU.ActiveCfg = Debug|Any CPU
		{86E09EC4-4CBA-480F-8516-D7A8FB156843}.Debug|Any CPU.Build.0 = Debug|Any CPU
		{86E09EC4-4CBA-480F-8516-D7A8FB156843}.Release|Any CPU.ActiveCfg = Release|Any CPU
		{86E09EC4-4CBA-480F-8516-D7A8FB156843}.Release|Any CPU.Build.0 = Release|Any CPU
		{D2B2C843-B774-4655-B0E9-8F189728E873}.Debug|Any CPU.ActiveCfg = Debug|Any CPU
		{D2B2C843-B774-4655-B0E9-8F189728E873}.Debug|Any CPU.Build.0 = Debug|Any CPU
		{D2B2C843-B774-4655-B0E9-8F189728E873}.Release|Any CPU.ActiveCfg = Release|Any CPU
		{D2B2C843-B774-4655-B0E9-8F189728E873}.Release|Any CPU.Build.0 = Release|Any CPU
		{C2B2CDB8-E21B-4C6A-8F91-2F9B45243D24}.Debug|Any CPU.ActiveCfg = Debug|Any CPU
		{C2B2CDB8-E21B-4C6A-8F91-2F9B45243D24}.Debug|Any CPU.Build.0 = Debug|Any CPU
		{C2B2CDB8-E21B-4C6A-8F91-2F9B45243D24}.Release|Any CPU.ActiveCfg = Release|Any CPU
		{C2B2CDB8-E21B-4C6A-8F91-2F9B45243D24}.Release|Any CPU.Build.0 = Release|Any CPU
		{02FAE6A4-2838-439C-A581-C626E6AD212B}.Debug|Any CPU.ActiveCfg = Debug|Any CPU
		{02FAE6A4-2838-439C-A581-C626E6AD212B}.Debug|Any CPU.Build.0 = Debug|Any CPU
		{02FAE6A4-2838-439C-A581-C626E6AD212B}.Release|Any CPU.ActiveCfg = Release|Any CPU
		{02FAE6A4-2838-439C-A581-C626E6AD212B}.Release|Any CPU.Build.0 = Release|Any CPU
		{FB533994-6DC7-4345-A553-82BC537DC939}.Debug|Any CPU.ActiveCfg = Debug|Any CPU
		{FB533994-6DC7-4345-A553-82BC537DC939}.Debug|Any CPU.Build.0 = Debug|Any CPU
		{FB533994-6DC7-4345-A553-82BC537DC939}.Release|Any CPU.ActiveCfg = Release|Any CPU
		{FB533994-6DC7-4345-A553-82BC537DC939}.Release|Any CPU.Build.0 = Release|Any CPU
		{25AF1160-C620-49EC-BCB2-46129C167B3E}.Debug|Any CPU.ActiveCfg = Debug|Any CPU
		{25AF1160-C620-49EC-BCB2-46129C167B3E}.Debug|Any CPU.Build.0 = Debug|Any CPU
		{25AF1160-C620-49EC-BCB2-46129C167B3E}.Release|Any CPU.ActiveCfg = Release|Any CPU
		{25AF1160-C620-49EC-BCB2-46129C167B3E}.Release|Any CPU.Build.0 = Release|Any CPU
		{04224AD8-6B47-4958-898C-B12976C8AB58}.Debug|Any CPU.ActiveCfg = Debug|Any CPU
		{04224AD8-6B47-4958-898C-B12976C8AB58}.Debug|Any CPU.Build.0 = Debug|Any CPU
		{04224AD8-6B47-4958-898C-B12976C8AB58}.Release|Any CPU.ActiveCfg = Release|Any CPU
		{04224AD8-6B47-4958-898C-B12976C8AB58}.Release|Any CPU.Build.0 = Release|Any CPU
		{2DF39218-293E-465B-9823-5AD24F7F82E2}.Debug|Any CPU.ActiveCfg = Debug|Any CPU
		{2DF39218-293E-465B-9823-5AD24F7F82E2}.Debug|Any CPU.Build.0 = Debug|Any CPU
		{2DF39218-293E-465B-9823-5AD24F7F82E2}.Release|Any CPU.ActiveCfg = Release|Any CPU
		{2DF39218-293E-465B-9823-5AD24F7F82E2}.Release|Any CPU.Build.0 = Release|Any CPU
		{85D78F04-8625-4900-8CBD-88F4BA4473EA}.Debug|Any CPU.ActiveCfg = Debug|Any CPU
		{85D78F04-8625-4900-8CBD-88F4BA4473EA}.Debug|Any CPU.Build.0 = Debug|Any CPU
		{85D78F04-8625-4900-8CBD-88F4BA4473EA}.Release|Any CPU.ActiveCfg = Release|Any CPU
		{85D78F04-8625-4900-8CBD-88F4BA4473EA}.Release|Any CPU.Build.0 = Release|Any CPU
		{1E69E824-1F9E-4593-A9B2-6FB9B807587A}.Debug|Any CPU.ActiveCfg = Debug|Any CPU
		{1E69E824-1F9E-4593-A9B2-6FB9B807587A}.Debug|Any CPU.Build.0 = Debug|Any CPU
		{1E69E824-1F9E-4593-A9B2-6FB9B807587A}.Release|Any CPU.ActiveCfg = Release|Any CPU
		{1E69E824-1F9E-4593-A9B2-6FB9B807587A}.Release|Any CPU.Build.0 = Release|Any CPU
	EndGlobalSection
	GlobalSection(SolutionProperties) = preSolution
		HideSolutionNode = FALSE
	EndGlobalSection
	GlobalSection(ExtensibilityGlobals) = postSolution
		SolutionGuid = {BAD61598-BF62-4E0A-A05A-42E2EFBAA6B9}
	EndGlobalSection
EndGlobal
